
Microsoft Visual Studio Solution File, Format Version 12.00
# Visual Studio Version 16
VisualStudioVersion = 16.0.29230.47
MinimumVisualStudioVersion = 10.0.40219.1
Project("{8BC9CEB8-8B4A-11D0-8D11-00A0C91BC942}") = "HelloTriangle", "HelloTriangle\HelloTriangle.vcxproj", "{4BAE0F15-A17B-420F-8FD1-9ECF0EC6D8FC}"
EndProject
Project("{8BC9CEB8-8B4A-11D0-8D11-00A0C91BC942}") = "Shaders", "Shaders\Shaders.vcxproj", "{2C9C18FC-A09E-44F6-8B97-FB983C5AC28D}"
EndProject
Project("{8BC9CEB8-8B4A-11D0-8D11-00A0C91BC942}") = "Textures", "Textures\Textures.vcxproj", "{38466AA2-8268-40E5-8A3E-259F1265230A}"
EndProject
Global
	GlobalSection(SolutionConfigurationPlatforms) = preSolution
		Debug|x64 = Debug|x64
		Debug|x86 = Debug|x86
		Release|x64 = Release|x64
		Release|x86 = Release|x86
	EndGlobalSection
	GlobalSection(ProjectConfigurationPlatforms) = postSolution
		{4BAE0F15-A17B-420F-8FD1-9ECF0EC6D8FC}.Debug|x64.ActiveCfg = Debug|x64
		{4BAE0F15-A17B-420F-8FD1-9ECF0EC6D8FC}.Debug|x64.Build.0 = Debug|x64
		{4BAE0F15-A17B-420F-8FD1-9ECF0EC6D8FC}.Debug|x86.ActiveCfg = Debug|Win32
		{4BAE0F15-A17B-420F-8FD1-9ECF0EC6D8FC}.Debug|x86.Build.0 = Debug|Win32
		{4BAE0F15-A17B-420F-8FD1-9ECF0EC6D8FC}.Release|x64.ActiveCfg = Release|x64
		{4BAE0F15-A17B-420F-8FD1-9ECF0EC6D8FC}.Release|x64.Build.0 = Release|x64
		{4BAE0F15-A17B-420F-8FD1-9ECF0EC6D8FC}.Release|x86.ActiveCfg = Release|Win32
		{4BAE0F15-A17B-420F-8FD1-9ECF0EC6D8FC}.Release|x86.Build.0 = Release|Win32
		{2C9C18FC-A09E-44F6-8B97-FB983C5AC28D}.Debug|x64.ActiveCfg = Debug|x64
		{2C9C18FC-A09E-44F6-8B97-FB983C5AC28D}.Debug|x64.Build.0 = Debug|x64
		{2C9C18FC-A09E-44F6-8B97-FB983C5AC28D}.Debug|x86.ActiveCfg = Debug|Win32
		{2C9C18FC-A09E-44F6-8B97-FB983C5AC28D}.Debug|x86.Build.0 = Debug|Win32
		{2C9C18FC-A09E-44F6-8B97-FB983C5AC28D}.Release|x64.ActiveCfg = Release|x64
		{2C9C18FC-A09E-44F6-8B97-FB983C5AC28D}.Release|x64.Build.0 = Release|x64
		{2C9C18FC-A09E-44F6-8B97-FB983C5AC28D}.Release|x86.ActiveCfg = Release|Win32
		{2C9C18FC-A09E-44F6-8B97-FB983C5AC28D}.Release|x86.Build.0 = Release|Win32
		{38466AA2-8268-40E5-8A3E-259F1265230A}.Debug|x64.ActiveCfg = Debug|x64
		{38466AA2-8268-40E5-8A3E-259F1265230A}.Debug|x64.Build.0 = Debug|x64
		{38466AA2-8268-40E5-8A3E-259F1265230A}.Debug|x86.ActiveCfg = Debug|Win32
		{38466AA2-8268-40E5-8A3E-259F1265230A}.Debug|x86.Build.0 = Debug|Win32
		{38466AA2-8268-40E5-8A3E-259F1265230A}.Release|x64.ActiveCfg = Release|x64
		{38466AA2-8268-40E5-8A3E-259F1265230A}.Release|x64.Build.0 = Release|x64
		{38466AA2-8268-40E5-8A3E-259F1265230A}.Release|x86.ActiveCfg = Release|Win32
		{38466AA2-8268-40E5-8A3E-259F1265230A}.Release|x86.Build.0 = Release|Win32
	EndGlobalSection
	GlobalSection(SolutionProperties) = preSolution
		HideSolutionNode = FALSE
	EndGlobalSection
	GlobalSection(ExtensibilityGlobals) = postSolution
		SolutionGuid = {252E0961-2B8C-4A34-9A54-62DF15847CA6}
	EndGlobalSection
EndGlobal
