
Microsoft Visual Studio Solution File, Format Version 12.00
# Visual Studio Version 16
VisualStudioVersion = 16.0.29230.47
MinimumVisualStudioVersion = 10.0.40219.1
Project("{8BC9CEB8-8B4A-11D0-8D11-00A0C91BC942}") = "Project_1", "Project_1\Project_1.vcxproj", "{D1C54932-D939-46E1-8DA2-515CD42B475C}"
EndProject
Global
	GlobalSection(SolutionConfigurationPlatforms) = preSolution
		Debug|x64 = Debug|x64
		Debug|x86 = Debug|x86
		Release|x64 = Release|x64
		Release|x86 = Release|x86
	EndGlobalSection
	GlobalSection(ProjectConfigurationPlatforms) = postSolution
		{D1C54932-D939-46E1-8DA2-515CD42B475C}.Debug|x64.ActiveCfg = Debug|x64
		{D1C54932-D939-46E1-8DA2-515CD42B475C}.Debug|x64.Build.0 = Debug|x64
		{D1C54932-D939-46E1-8DA2-515CD42B475C}.Debug|x86.ActiveCfg = Debug|Win32
		{D1C54932-D939-46E1-8DA2-515CD42B475C}.Debug|x86.Build.0 = Debug|Win32
		{D1C54932-D939-46E1-8DA2-515CD42B475C}.Release|x64.ActiveCfg = Release|x64
		{D1C54932-D939-46E1-8DA2-515CD42B475C}.Release|x64.Build.0 = Release|x64
		{D1C54932-D939-46E1-8DA2-515CD42B475C}.Release|x86.ActiveCfg = Release|Win32
		{D1C54932-D939-46E1-8DA2-515CD42B475C}.Release|x86.Build.0 = Release|Win32
	EndGlobalSection
	GlobalSection(SolutionProperties) = preSolution
		HideSolutionNode = FALSE
	EndGlobalSection
	GlobalSection(ExtensibilityGlobals) = postSolution
		SolutionGuid = {252E0961-2B8C-4A34-9A54-62DF15847CA6}
	EndGlobalSection
EndGlobal
